// !$*UTF8*$!
{
	archiveVersion = 1;
	classes = {
	};
	objectVersion = 56;
	objects = {

/* Begin PBXBuildFile section */
		CB14B82228F8250D00C04404 /* UniversitiesApp.swift in Sources */ = {isa = PBXBuildFile; fileRef = CB14B82128F8250D00C04404 /* UniversitiesApp.swift */; };
		CB14B82428F8250D00C04404 /* ContentView.swift in Sources */ = {isa = PBXBuildFile; fileRef = CB14B82328F8250D00C04404 /* ContentView.swift */; };
		CB14B82628F8251000C04404 /* Assets.xcassets in Resources */ = {isa = PBXBuildFile; fileRef = CB14B82528F8251000C04404 /* Assets.xcassets */; };
		CB14B82928F8251000C04404 /* Preview Assets.xcassets in Resources */ = {isa = PBXBuildFile; fileRef = CB14B82828F8251000C04404 /* Preview Assets.xcassets */; };
		CB14B83028F8252800C04404 /* world_universities_and_domains.json in Resources */ = {isa = PBXBuildFile; fileRef = CB14B82F28F8252800C04404 /* world_universities_and_domains.json */; };
		CB14B83228F8253B00C04404 /* University.swift in Sources */ = {isa = PBXBuildFile; fileRef = CB14B83128F8253B00C04404 /* University.swift */; };
		CB14B83428F8255400C04404 /* Universities.swift in Sources */ = {isa = PBXBuildFile; fileRef = CB14B83328F8255400C04404 /* Universities.swift */; };
		CB14B83928F82FE800C04404 /* UniverstiesDataModel.swift in Sources */ = {isa = PBXBuildFile; fileRef = CB14B83828F82FE800C04404 /* UniverstiesDataModel.swift */; };
		CB14B83B28F82FF500C04404 /* UniversityRowView.swift in Sources */ = {isa = PBXBuildFile; fileRef = CB14B83A28F82FF500C04404 /* UniversityRowView.swift */; };
/* End PBXBuildFile section */

/* Begin PBXFileReference section */
		CB14B81E28F8250D00C04404 /* Universities.app */ = {isa = PBXFileReference; explicitFileType = wrapper.application; includeInIndex = 0; path = Universities.app; sourceTree = BUILT_PRODUCTS_DIR; };
		CB14B82128F8250D00C04404 /* UniversitiesApp.swift */ = {isa = PBXFileReference; lastKnownFileType = sourcecode.swift; path = UniversitiesApp.swift; sourceTree = "<group>"; };
		CB14B82328F8250D00C04404 /* ContentView.swift */ = {isa = PBXFileReference; lastKnownFileType = sourcecode.swift; path = ContentView.swift; sourceTree = "<group>"; };
		CB14B82528F8251000C04404 /* Assets.xcassets */ = {isa = PBXFileReference; lastKnownFileType = folder.assetcatalog; path = Assets.xcassets; sourceTree = "<group>"; };
		CB14B82828F8251000C04404 /* Preview Assets.xcassets */ = {isa = PBXFileReference; lastKnownFileType = folder.assetcatalog; path = "Preview Assets.xcassets"; sourceTree = "<group>"; };
		CB14B82F28F8252800C04404 /* world_universities_and_domains.json */ = {isa = PBXFileReference; fileEncoding = 4; lastKnownFileType = text.json; path = world_universities_and_domains.json; sourceTree = "<group>"; };
		CB14B83128F8253B00C04404 /* University.swift */ = {isa = PBXFileReference; fileEncoding = 4; lastKnownFileType = sourcecode.swift; path = University.swift; sourceTree = "<group>"; };
		CB14B83328F8255400C04404 /* Universities.swift */ = {isa = PBXFileReference; fileEncoding = 4; lastKnownFileType = sourcecode.swift; path = Universities.swift; sourceTree = "<group>"; };
		CB14B83828F82FE800C04404 /* UniverstiesDataModel.swift */ = {isa = PBXFileReference; lastKnownFileType = sourcecode.swift; path = UniverstiesDataModel.swift; sourceTree = "<group>"; };
		CB14B83A28F82FF500C04404 /* UniversityRowView.swift */ = {isa = PBXFileReference; lastKnownFileType = sourcecode.swift; path = UniversityRowView.swift; sourceTree = "<group>"; };
/* End PBXFileReference section */

/* Begin PBXFrameworksBuildPhase section */
		CB14B81B28F8250D00C04404 /* Frameworks */ = {
			isa = PBXFrameworksBuildPhase;
			buildActionMask = 2147483647;
			files = (
			);
			runOnlyForDeploymentPostprocessing = 0;
		};
/* End PBXFrameworksBuildPhase section */

/* Begin PBXGroup section */
		CB14B81528F8250D00C04404 = {
			isa = PBXGroup;
			children = (
				CB14B82028F8250D00C04404 /* Universities */,
				CB14B81F28F8250D00C04404 /* Products */,
			);
			sourceTree = "<group>";
		};
		CB14B81F28F8250D00C04404 /* Products */ = {
			isa = PBXGroup;
			children = (
				CB14B81E28F8250D00C04404 /* Universities.app */,
			);
			name = Products;
			sourceTree = "<group>";
		};
		CB14B82028F8250D00C04404 /* Universities */ = {
			isa = PBXGroup;
			children = (
				CB14B82128F8250D00C04404 /* UniversitiesApp.swift */,
				CB14B83728F82FD200C04404 /* ViewModels */,
				CB14B83628F82FCE00C04404 /* Views */,
				CB14B83528F82FCB00C04404 /* Model */,
				CB14B82F28F8252800C04404 /* world_universities_and_domains.json */,
				CB14B82528F8251000C04404 /* Assets.xcassets */,
				CB14B82728F8251000C04404 /* Preview Content */,
			);
			path = Universities;
			sourceTree = "<group>";
		};
		CB14B82728F8251000C04404 /* Preview Content */ = {
			isa = PBXGroup;
			children = (
				CB14B82828F8251000C04404 /* Preview Assets.xcassets */,
			);
			path = "Preview Content";
			sourceTree = "<group>";
		};
		CB14B83528F82FCB00C04404 /* Model */ = {
			isa = PBXGroup;
			children = (
				CB14B83128F8253B00C04404 /* University.swift */,
			);
			path = Model;
			sourceTree = "<group>";
		};
		CB14B83628F82FCE00C04404 /* Views */ = {
			isa = PBXGroup;
			children = (
				CB14B82328F8250D00C04404 /* ContentView.swift */,
				CB14B83328F8255400C04404 /* Universities.swift */,
				CB14B83A28F82FF500C04404 /* UniversityRowView.swift */,
			);
			path = Views;
			sourceTree = "<group>";
		};
		CB14B83728F82FD200C04404 /* ViewModels */ = {
			isa = PBXGroup;
			children = (
				CB14B83828F82FE800C04404 /* UniverstiesDataModel.swift */,
			);
			path = ViewModels;
			sourceTree = "<group>";
		};
/* End PBXGroup section */

/* Begin PBXNativeTarget section */
		CB14B81D28F8250D00C04404 /* Universities */ = {
			isa = PBXNativeTarget;
			buildConfigurationList = CB14B82C28F8251000C04404 /* Build configuration list for PBXNativeTarget "Universities" */;
			buildPhases = (
				CB14B81A28F8250D00C04404 /* Sources */,
				CB14B81B28F8250D00C04404 /* Frameworks */,
				CB14B81C28F8250D00C04404 /* Resources */,
			);
			buildRules = (
			);
			dependencies = (
			);
			name = Universities;
			productName = Universities;
			productReference = CB14B81E28F8250D00C04404 /* Universities.app */;
			productType = "com.apple.product-type.application";
		};
/* End PBXNativeTarget section */

/* Begin PBXProject section */
		CB14B81628F8250D00C04404 /* Project object */ = {
			isa = PBXProject;
			attributes = {
				BuildIndependentTargetsInParallel = 1;
				LastSwiftUpdateCheck = 1400;
				LastUpgradeCheck = 1400;
				TargetAttributes = {
					CB14B81D28F8250D00C04404 = {
						CreatedOnToolsVersion = 14.0;
					};
				};
			};
			buildConfigurationList = CB14B81928F8250D00C04404 /* Build configuration list for PBXProject "Universities" */;
			compatibilityVersion = "Xcode 14.0";
			developmentRegion = en;
			hasScannedForEncodings = 0;
			knownRegions = (
				en,
				Base,
			);
			mainGroup = CB14B81528F8250D00C04404;
			productRefGroup = CB14B81F28F8250D00C04404 /* Products */;
			projectDirPath = "";
			projectRoot = "";
			targets = (
				CB14B81D28F8250D00C04404 /* Universities */,
			);
		};
/* End PBXProject section */

/* Begin PBXResourcesBuildPhase section */
		CB14B81C28F8250D00C04404 /* Resources */ = {
			isa = PBXResourcesBuildPhase;
			buildActionMask = 2147483647;
			files = (
				CB14B82928F8251000C04404 /* Preview Assets.xcassets in Resources */,
				CB14B83028F8252800C04404 /* world_universities_and_domains.json in Resources */,
				CB14B82628F8251000C04404 /* Assets.xcassets in Resources */,
			);
			runOnlyForDeploymentPostprocessing = 0;
		};
/* End PBXResourcesBuildPhase section */

/* Begin PBXSourcesBuildPhase section */
		CB14B81A28F8250D00C04404 /* Sources */ = {
			isa = PBXSourcesBuildPhase;
			buildActionMask = 2147483647;
			files = (
				CB14B82428F8250D00C04404 /* ContentView.swift in Sources */,
				CB14B83928F82FE800C04404 /* UniverstiesDataModel.swift in Sources */,
				CB14B82228F8250D00C04404 /* UniversitiesApp.swift in Sources */,
				CB14B83228F8253B00C04404 /* University.swift in Sources */,
				CB14B83428F8255400C04404 /* Universities.swift in Sources */,
				CB14B83B28F82FF500C04404 /* UniversityRowView.swift in Sources */,
			);
			runOnlyForDeploymentPostprocessing = 0;
		};
/* End PBXSourcesBuildPhase section */

/* Begin XCBuildConfiguration section */
		CB14B82A28F8251000C04404 /* Debug */ = {
			isa = XCBuildConfiguration;
			buildSettings = {
				ALWAYS_SEARCH_USER_PATHS = NO;
				CLANG_ANALYZER_NONNULL = YES;
				CLANG_ANALYZER_NUMBER_OBJECT_CONVERSION = YES_AGGRESSIVE;
				CLANG_CXX_LANGUAGE_STANDARD = "gnu++20";
				CLANG_ENABLE_MODULES = YES;
				CLANG_ENABLE_OBJC_ARC = YES;
				CLANG_ENABLE_OBJC_WEAK = YES;
				CLANG_WARN_BLOCK_CAPTURE_AUTORELEASING = YES;
				CLANG_WARN_BOOL_CONVERSION = YES;
				CLANG_WARN_COMMA = YES;
				CLANG_WARN_CONSTANT_CONVERSION = YES;
				CLANG_WARN_DEPRECATED_OBJC_IMPLEMENTATIONS = YES;
				CLANG_WARN_DIRECT_OBJC_ISA_USAGE = YES_ERROR;
				CLANG_WARN_DOCUMENTATION_COMMENTS = YES;
				CLANG_WARN_EMPTY_BODY = YES;
				CLANG_WARN_ENUM_CONVERSION = YES;
				CLANG_WARN_INFINITE_RECURSION = YES;
				CLANG_WARN_INT_CONVERSION = YES;
				CLANG_WARN_NON_LITERAL_NULL_CONVERSION = YES;
				CLANG_WARN_OBJC_IMPLICIT_RETAIN_SELF = YES;
				CLANG_WARN_OBJC_LITERAL_CONVERSION = YES;
				CLANG_WARN_OBJC_ROOT_CLASS = YES_ERROR;
				CLANG_WARN_QUOTED_INCLUDE_IN_FRAMEWORK_HEADER = YES;
				CLANG_WARN_RANGE_LOOP_ANALYSIS = YES;
				CLANG_WARN_STRICT_PROTOTYPES = YES;
				CLANG_WARN_SUSPICIOUS_MOVE = YES;
				CLANG_WARN_UNGUARDED_AVAILABILITY = YES_AGGRESSIVE;
				CLANG_WARN_UNREACHABLE_CODE = YES;
				CLANG_WARN__DUPLICATE_METHOD_MATCH = YES;
				COPY_PHASE_STRIP = NO;
				DEBUG_INFORMATION_FORMAT = dwarf;
				ENABLE_STRICT_OBJC_MSGSEND = YES;
				ENABLE_TESTABILITY = YES;
				GCC_C_LANGUAGE_STANDARD = gnu11;
				GCC_DYNAMIC_NO_PIC = NO;
				GCC_NO_COMMON_BLOCKS = YES;
				GCC_OPTIMIZATION_LEVEL = 0;
				GCC_PREPROCESSOR_DEFINITIONS = (
					"DEBUG=1",
					"$(inherited)",
				);
				GCC_WARN_64_TO_32_BIT_CONVERSION = YES;
				GCC_WARN_ABOUT_RETURN_TYPE = YES_ERROR;
				GCC_WARN_UNDECLARED_SELECTOR = YES;
				GCC_WARN_UNINITIALIZED_AUTOS = YES_AGGRESSIVE;
				GCC_WARN_UNUSED_FUNCTION = YES;
				GCC_WARN_UNUSED_VARIABLE = YES;
				IPHONEOS_DEPLOYMENT_TARGET = 16.0;
				MTL_ENABLE_DEBUG_INFO = INCLUDE_SOURCE;
				MTL_FAST_MATH = YES;
				ONLY_ACTIVE_ARCH = YES;
				SDKROOT = iphoneos;
				SWIFT_ACTIVE_COMPILATION_CONDITIONS = DEBUG;
				SWIFT_OPTIMIZATION_LEVEL = "-Onone";
			};
			name = Debug;
		};
		CB14B82B28F8251000C04404 /* Release */ = {
			isa = XCBuildConfiguration;
			buildSettings = {
				ALWAYS_SEARCH_USER_PATHS = NO;
				CLANG_ANALYZER_NONNULL = YES;
				CLANG_ANALYZER_NUMBER_OBJECT_CONVERSION = YES_AGGRESSIVE;
				CLANG_CXX_LANGUAGE_STANDARD = "gnu++20";
				CLANG_ENABLE_MODULES = YES;
				CLANG_ENABLE_OBJC_ARC = YES;
				CLANG_ENABLE_OBJC_WEAK = YES;
				CLANG_WARN_BLOCK_CAPTURE_AUTORELEASING = YES;
				CLANG_WARN_BOOL_CONVERSION = YES;
				CLANG_WARN_COMMA = YES;
				CLANG_WARN_CONSTANT_CONVERSION = YES;
				CLANG_WARN_DEPRECATED_OBJC_IMPLEMENTATIONS = YES;
				CLANG_WARN_DIRECT_OBJC_ISA_USAGE = YES_ERROR;
				CLANG_WARN_DOCUMENTATION_COMMENTS = YES;
				CLANG_WARN_EMPTY_BODY = YES;
				CLANG_WARN_ENUM_CONVERSION = YES;
				CLANG_WARN_INFINITE_RECURSION = YES;
				CLANG_WARN_INT_CONVERSION = YES;
				CLANG_WARN_NON_LITERAL_NULL_CONVERSION = YES;
				CLANG_WARN_OBJC_IMPLICIT_RETAIN_SELF = YES;
				CLANG_WARN_OBJC_LITERAL_CONVERSION = YES;
				CLANG_WARN_OBJC_ROOT_CLASS = YES_ERROR;
				CLANG_WARN_QUOTED_INCLUDE_IN_FRAMEWORK_HEADER = YES;
				CLANG_WARN_RANGE_LOOP_ANALYSIS = YES;
				CLANG_WARN_STRICT_PROTOTYPES = YES;
				CLANG_WARN_SUSPICIOUS_MOVE = YES;
				CLANG_WARN_UNGUARDED_AVAILABILITY = YES_AGGRESSIVE;
				CLANG_WARN_UNREACHABLE_CODE = YES;
				CLANG_WARN__DUPLICATE_METHOD_MATCH = YES;
				COPY_PHASE_STRIP = NO;
				DEBUG_INFORMATION_FORMAT = "dwarf-with-dsym";
				ENABLE_NS_ASSERTIONS = NO;
				ENABLE_STRICT_OBJC_MSGSEND = YES;
				GCC_C_LANGUAGE_STANDARD = gnu11;
				GCC_NO_COMMON_BLOCKS = YES;
				GCC_WARN_64_TO_32_BIT_CONVERSION = YES;
				GCC_WARN_ABOUT_RETURN_TYPE = YES_ERROR;
				GCC_WARN_UNDECLARED_SELECTOR = YES;
				GCC_WARN_UNINITIALIZED_AUTOS = YES_AGGRESSIVE;
				GCC_WARN_UNUSED_FUNCTION = YES;
				GCC_WARN_UNUSED_VARIABLE = YES;
				IPHONEOS_DEPLOYMENT_TARGET = 16.0;
				MTL_ENABLE_DEBUG_INFO = NO;
				MTL_FAST_MATH = YES;
				SDKROOT = iphoneos;
				SWIFT_COMPILATION_MODE = wholemodule;
				SWIFT_OPTIMIZATION_LEVEL = "-O";
				VALIDATE_PRODUCT = YES;
			};
			name = Release;
		};
		CB14B82D28F8251000C04404 /* Debug */ = {
			isa = XCBuildConfiguration;
			buildSettings = {
				ASSETCATALOG_COMPILER_APPICON_NAME = AppIcon;
				ASSETCATALOG_COMPILER_GLOBAL_ACCENT_COLOR_NAME = AccentColor;
				CODE_SIGN_STYLE = Automatic;
				CURRENT_PROJECT_VERSION = 1;
				DEVELOPMENT_ASSET_PATHS = "\"Universities/Preview Content\"";
				DEVELOPMENT_TEAM = 6V9B6LUW22;
				ENABLE_PREVIEWS = YES;
				GENERATE_INFOPLIST_FILE = YES;
				INFOPLIST_KEY_UIApplicationSceneManifest_Generation = YES;
				INFOPLIST_KEY_UIApplicationSupportsIndirectInputEvents = YES;
				INFOPLIST_KEY_UILaunchScreen_Generation = YES;
				INFOPLIST_KEY_UISupportedInterfaceOrientations_iPad = "UIInterfaceOrientationPortrait UIInterfaceOrientationPortraitUpsideDown UIInterfaceOrientationLandscapeLeft UIInterfaceOrientationLandscapeRight";
				INFOPLIST_KEY_UISupportedInterfaceOrientations_iPhone = "UIInterfaceOrientationPortrait UIInterfaceOrientationLandscapeLeft UIInterfaceOrientationLandscapeRight";
				LD_RUNPATH_SEARCH_PATHS = (
					"$(inherited)",
					"@executable_path/Frameworks",
				);
				MARKETING_VERSION = 1.0;
				PRODUCT_BUNDLE_IDENTIFIER = com.abc.incs.cedricbahirwe.Universities;
				PRODUCT_NAME = "$(TARGET_NAME)";
				SWIFT_EMIT_LOC_STRINGS = YES;
				SWIFT_VERSION = 5.0;
				TARGETED_DEVICE_FAMILY = "1,2";
			};
			name = Debug;
		};
		CB14B82E28F8251000C04404 /* Release */ = {
			isa = XCBuildConfiguration;
			buildSettings = {
				ASSETCATALOG_COMPILER_APPICON_NAME = AppIcon;
				ASSETCATALOG_COMPILER_GLOBAL_ACCENT_COLOR_NAME = AccentColor;
				CODE_SIGN_STYLE = Automatic;
				CURRENT_PROJECT_VERSION = 1;
				DEVELOPMENT_ASSET_PATHS = "\"Universities/Preview Content\"";
				DEVELOPMENT_TEAM = 6V9B6LUW22;
				ENABLE_PREVIEWS = YES;
				GENERATE_INFOPLIST_FILE = YES;
				INFOPLIST_KEY_UIApplicationSceneManifest_Generation = YES;
				INFOPLIST_KEY_UIApplicationSupportsIndirectInputEvents = YES;
				INFOPLIST_KEY_UILaunchScreen_Generation = YES;
				INFOPLIST_KEY_UISupportedInterfaceOrientations_iPad = "UIInterfaceOrientationPortrait UIInterfaceOrientationPortraitUpsideDown UIInterfaceOrientationLandscapeLeft UIInterfaceOrientationLandscapeRight";
				INFOPLIST_KEY_UISupportedInterfaceOrientations_iPhone = "UIInterfaceOrientationPortrait UIInterfaceOrientationLandscapeLeft UIInterfaceOrientationLandscapeRight";
				LD_RUNPATH_SEARCH_PATHS = (
					"$(inherited)",
					"@executable_path/Frameworks",
				);
				MARKETING_VERSION = 1.0;
				PRODUCT_BUNDLE_IDENTIFIER = com.abc.incs.cedricbahirwe.Universities;
				PRODUCT_NAME = "$(TARGET_NAME)";
				SWIFT_EMIT_LOC_STRINGS = YES;
				SWIFT_VERSION = 5.0;
				TARGETED_DEVICE_FAMILY = "1,2";
			};
			name = Release;
		};
/* End XCBuildConfiguration section */

/* Begin XCConfigurationList section */
		CB14B81928F8250D00C04404 /* Build configuration list for PBXProject "Universities" */ = {
			isa = XCConfigurationList;
			buildConfigurations = (
				CB14B82A28F8251000C04404 /* Debug */,
				CB14B82B28F8251000C04404 /* Release */,
			);
			defaultConfigurationIsVisible = 0;
			defaultConfigurationName = Release;
		};
		CB14B82C28F8251000C04404 /* Build configuration list for PBXNativeTarget "Universities" */ = {
			isa = XCConfigurationList;
			buildConfigurations = (
				CB14B82D28F8251000C04404 /* Debug */,
				CB14B82E28F8251000C04404 /* Release */,
			);
			defaultConfigurationIsVisible = 0;
			defaultConfigurationName = Release;
		};
/* End XCConfigurationList section */
	};
	rootObject = CB14B81628F8250D00C04404 /* Project object */;
}
